{
    "_meta": {
        "hash": {
            "sha256": "3f2b6279cc5db9da9b9b67b5cf8a8c4f70f637fd15b648afce83d66b52d59fdf"
        },
        "pipfile-spec": 6,
        "requires": {
            "python_version": "3.9"
        },
        "sources": [
            {
                "name": "pypi",
                "url": "https://pypi.org/simple",
                "verify_ssl": true
            }
        ]
    },
    "default": {
        "click": {
            "hashes": [
                "sha256:24e1a4a9ec5bf6299411369b208c1df2188d9eb8d916302fe6bf03faed227f1e",
                "sha256:479707fe14d9ec9a0757618b7a100a0ae4c4e236fac5b7f80ca68028141a1a72"
            ],
            "index": "pypi",
            "version": "==8.1.2"
        }
    },
    "develop": {}
}
